
Microsoft Visual Studio Solution File, Format Version 12.00
Project("{FAE04EC0-301F-11D3-BF4B-00C04F79EFBC}") = "Enterprise Management", "Enterprise Management\Enterprise Management.csproj", "{14ED6D6D-87F2-499B-9D03-E0075510D6D0}"
EndProject
Global
	GlobalSection(SolutionConfigurationPlatforms) = preSolution
		Debug|Any CPU = Debug|Any CPU
		Release|Any CPU = Release|Any CPU
	EndGlobalSection
	GlobalSection(ProjectConfigurationPlatforms) = postSolution
		{14ED6D6D-87F2-499B-9D03-E0075510D6D0}.Debug|Any CPU.ActiveCfg = Debug|Any CPU
		{14ED6D6D-87F2-499B-9D03-E0075510D6D0}.Debug|Any CPU.Build.0 = Debug|Any CPU
		{14ED6D6D-87F2-499B-9D03-E0075510D6D0}.Release|Any CPU.ActiveCfg = Release|Any CPU
		{14ED6D6D-87F2-499B-9D03-E0075510D6D0}.Release|Any CPU.Build.0 = Release|Any CPU
	EndGlobalSection
EndGlobal
